// !$*UTF8*$!
{
	archiveVersion = 1;
	classes = {
	};
	objectVersion = 50;
	objects = {

/* Begin PBXBuildFile section */
		199B6D33223A45650066D30E /* AppDelegate.swift in Sources */ = {isa = PBXBuildFile; fileRef = 199B6D32223A45650066D30E /* AppDelegate.swift */; };
		199B6D35223A45650066D30E /* art.scnassets in Resources */ = {isa = PBXBuildFile; fileRef = 199B6D34223A45650066D30E /* art.scnassets */; };
		199B6D37223A45650066D30E /* ViewController.swift in Sources */ = {isa = PBXBuildFile; fileRef = 199B6D36223A45650066D30E /* ViewController.swift */; };
		199B6D3A223A45650066D30E /* Main.storyboard in Resources */ = {isa = PBXBuildFile; fileRef = 199B6D38223A45650066D30E /* Main.storyboard */; };
		199B6D3C223A45670066D30E /* Assets.xcassets in Resources */ = {isa = PBXBuildFile; fileRef = 199B6D3B223A45670066D30E /* Assets.xcassets */; };
		199B6D3F223A45670066D30E /* LaunchScreen.storyboard in Resources */ = {isa = PBXBuildFile; fileRef = 199B6D3D223A45670066D30E /* LaunchScreen.storyboard */; };
		199B6D48223A46740066D30E /* ARKit.framework in Frameworks */ = {isa = PBXBuildFile; fileRef = 199B6D47223A46740066D30E /* ARKit.framework */; };
		B78808C43415D09EB93C81FC /* Pods_My3dGame.framework in Frameworks */ = {isa = PBXBuildFile; fileRef = 8F568B5176A485FAEC9D3846 /* Pods_My3dGame.framework */; };
/* End PBXBuildFile section */

/* Begin PBXFileReference section */
		034CEB471D3790034EBFCE73 /* Pods-My3dGame.debug.xcconfig */ = {isa = PBXFileReference; includeInIndex = 1; lastKnownFileType = text.xcconfig; name = "Pods-My3dGame.debug.xcconfig"; path = "Pods/Target Support Files/Pods-My3dGame/Pods-My3dGame.debug.xcconfig"; sourceTree = "<group>"; };
		199B6D2F223A45650066D30E /* My3dGame.app */ = {isa = PBXFileReference; explicitFileType = wrapper.application; includeInIndex = 0; path = My3dGame.app; sourceTree = BUILT_PRODUCTS_DIR; };
		199B6D32223A45650066D30E /* AppDelegate.swift */ = {isa = PBXFileReference; lastKnownFileType = sourcecode.swift; path = AppDelegate.swift; sourceTree = "<group>"; };
		199B6D34223A45650066D30E /* art.scnassets */ = {isa = PBXFileReference; lastKnownFileType = wrapper.scnassets; path = art.scnassets; sourceTree = "<group>"; };
		199B6D36223A45650066D30E /* ViewController.swift */ = {isa = PBXFileReference; lastKnownFileType = sourcecode.swift; path = ViewController.swift; sourceTree = "<group>"; };
		199B6D39223A45650066D30E /* Base */ = {isa = PBXFileReference; lastKnownFileType = file.storyboard; name = Base; path = Base.lproj/Main.storyboard; sourceTree = "<group>"; };
		199B6D3B223A45670066D30E /* Assets.xcassets */ = {isa = PBXFileReference; lastKnownFileType = folder.assetcatalog; path = Assets.xcassets; sourceTree = "<group>"; };
		199B6D3E223A45670066D30E /* Base */ = {isa = PBXFileReference; lastKnownFileType = file.storyboard; name = Base; path = Base.lproj/LaunchScreen.storyboard; sourceTree = "<group>"; };
		199B6D40223A45670066D30E /* Info.plist */ = {isa = PBXFileReference; lastKnownFileType = text.plist.xml; path = Info.plist; sourceTree = "<group>"; };
		199B6D47223A46740066D30E /* ARKit.framework */ = {isa = PBXFileReference; lastKnownFileType = wrapper.framework; name = ARKit.framework; path = System/Library/Frameworks/ARKit.framework; sourceTree = SDKROOT; };
		5F33DC6714D4CDEBD9B17ED8 /* Pods-My3dGame.release.xcconfig */ = {isa = PBXFileReference; includeInIndex = 1; lastKnownFileType = text.xcconfig; name = "Pods-My3dGame.release.xcconfig"; path = "Pods/Target Support Files/Pods-My3dGame/Pods-My3dGame.release.xcconfig"; sourceTree = "<group>"; };
		8F568B5176A485FAEC9D3846 /* Pods_My3dGame.framework */ = {isa = PBXFileReference; explicitFileType = wrapper.framework; includeInIndex = 0; path = Pods_My3dGame.framework; sourceTree = BUILT_PRODUCTS_DIR; };
/* End PBXFileReference section */

/* Begin PBXFrameworksBuildPhase section */
		199B6D2C223A45650066D30E /* Frameworks */ = {
			isa = PBXFrameworksBuildPhase;
			buildActionMask = 2147483647;
			files = (
				199B6D48223A46740066D30E /* ARKit.framework in Frameworks */,
				B78808C43415D09EB93C81FC /* Pods_My3dGame.framework in Frameworks */,
			);
			runOnlyForDeploymentPostprocessing = 0;
		};
/* End PBXFrameworksBuildPhase section */

/* Begin PBXGroup section */
		199B6D26223A45650066D30E = {
			isa = PBXGroup;
			children = (
				199B6D31223A45650066D30E /* My3dGame */,
				199B6D30223A45650066D30E /* Products */,
				199B6D46223A46740066D30E /* Frameworks */,
				A6757F08970B1DC8A7617DD9 /* Pods */,
			);
			sourceTree = "<group>";
		};
		199B6D30223A45650066D30E /* Products */ = {
			isa = PBXGroup;
			children = (
				199B6D2F223A45650066D30E /* My3dGame.app */,
			);
			name = Products;
			sourceTree = "<group>";
		};
		199B6D31223A45650066D30E /* My3dGame */ = {
			isa = PBXGroup;
			children = (
				199B6D32223A45650066D30E /* AppDelegate.swift */,
				199B6D34223A45650066D30E /* art.scnassets */,
				199B6D36223A45650066D30E /* ViewController.swift */,
				199B6D38223A45650066D30E /* Main.storyboard */,
				199B6D3B223A45670066D30E /* Assets.xcassets */,
				199B6D3D223A45670066D30E /* LaunchScreen.storyboard */,
				199B6D40223A45670066D30E /* Info.plist */,
			);
			path = My3dGame;
			sourceTree = "<group>";
		};
		199B6D46223A46740066D30E /* Frameworks */ = {
			isa = PBXGroup;
			children = (
				199B6D47223A46740066D30E /* ARKit.framework */,
				8F568B5176A485FAEC9D3846 /* Pods_My3dGame.framework */,
			);
			name = Frameworks;
			sourceTree = "<group>";
		};
		A6757F08970B1DC8A7617DD9 /* Pods */ = {
			isa = PBXGroup;
			children = (
				034CEB471D3790034EBFCE73 /* Pods-My3dGame.debug.xcconfig */,
				5F33DC6714D4CDEBD9B17ED8 /* Pods-My3dGame.release.xcconfig */,
			);
			name = Pods;
			sourceTree = "<group>";
		};
/* End PBXGroup section */

/* Begin PBXNativeTarget section */
		199B6D2E223A45650066D30E /* My3dGame */ = {
			isa = PBXNativeTarget;
			buildConfigurationList = 199B6D43223A45670066D30E /* Build configuration list for PBXNativeTarget "My3dGame" */;
			buildPhases = (
				C909CCFBA17F7FDC604A5C30 /* [CP] Check Pods Manifest.lock */,
				199B6D2B223A45650066D30E /* Sources */,
				199B6D2C223A45650066D30E /* Frameworks */,
				199B6D2D223A45650066D30E /* Resources */,
				66A11FF38C29273A457745A8 /* [CP] Embed Pods Frameworks */,
			);
			buildRules = (
			);
			dependencies = (
			);
			name = My3dGame;
			productName = My3dGame;
			productReference = 199B6D2F223A45650066D30E /* My3dGame.app */;
			productType = "com.apple.product-type.application";
		};
/* End PBXNativeTarget section */

/* Begin PBXProject section */
		199B6D27223A45650066D30E /* Project object */ = {
			isa = PBXProject;
			attributes = {
				LastSwiftUpdateCheck = 1010;
				LastUpgradeCheck = 1010;
				ORGANIZATIONNAME = "Adil Bougamza";
				TargetAttributes = {
					199B6D2E223A45650066D30E = {
						CreatedOnToolsVersion = 10.1;
					};
				};
			};
			buildConfigurationList = 199B6D2A223A45650066D30E /* Build configuration list for PBXProject "My3dGame" */;
			compatibilityVersion = "Xcode 9.3";
			developmentRegion = en;
			hasScannedForEncodings = 0;
			knownRegions = (
				en,
				Base,
			);
			mainGroup = 199B6D26223A45650066D30E;
			productRefGroup = 199B6D30223A45650066D30E /* Products */;
			projectDirPath = "";
			projectRoot = "";
			targets = (
				199B6D2E223A45650066D30E /* My3dGame */,
			);
		};
/* End PBXProject section */

/* Begin PBXResourcesBuildPhase section */
		199B6D2D223A45650066D30E /* Resources */ = {
			isa = PBXResourcesBuildPhase;
			buildActionMask = 2147483647;
			files = (
				199B6D35223A45650066D30E /* art.scnassets in Resources */,
				199B6D3F223A45670066D30E /* LaunchScreen.storyboard in Resources */,
				199B6D3C223A45670066D30E /* Assets.xcassets in Resources */,
				199B6D3A223A45650066D30E /* Main.storyboard in Resources */,
			);
			runOnlyForDeploymentPostprocessing = 0;
		};
/* End PBXResourcesBuildPhase section */

/* Begin PBXShellScriptBuildPhase section */
		66A11FF38C29273A457745A8 /* [CP] Embed Pods Frameworks */ = {
			isa = PBXShellScriptBuildPhase;
			buildActionMask = 2147483647;
			files = (
			);
			inputFileListPaths = (
			);
			inputPaths = (
				"${SRCROOT}/Pods/Target Support Files/Pods-My3dGame/Pods-My3dGame-frameworks.sh",
				"${BUILT_PRODUCTS_DIR}/SwiftySound/SwiftySound.framework",
			);
			name = "[CP] Embed Pods Frameworks";
			outputFileListPaths = (
			);
			outputPaths = (
				"${TARGET_BUILD_DIR}/${FRAMEWORKS_FOLDER_PATH}/SwiftySound.framework",
			);
			runOnlyForDeploymentPostprocessing = 0;
			shellPath = /bin/sh;
			shellScript = "\"${SRCROOT}/Pods/Target Support Files/Pods-My3dGame/Pods-My3dGame-frameworks.sh\"\n";
			showEnvVarsInLog = 0;
		};
		C909CCFBA17F7FDC604A5C30 /* [CP] Check Pods Manifest.lock */ = {
			isa = PBXShellScriptBuildPhase;
			buildActionMask = 2147483647;
			files = (
			);
			inputFileListPaths = (
			);
			inputPaths = (
				"${PODS_PODFILE_DIR_PATH}/Podfile.lock",
				"${PODS_ROOT}/Manifest.lock",
			);
			name = "[CP] Check Pods Manifest.lock";
			outputFileListPaths = (
			);
			outputPaths = (
				"$(DERIVED_FILE_DIR)/Pods-My3dGame-checkManifestLockResult.txt",
			);
			runOnlyForDeploymentPostprocessing = 0;
			shellPath = /bin/sh;
			shellScript = "diff \"${PODS_PODFILE_DIR_PATH}/Podfile.lock\" \"${PODS_ROOT}/Manifest.lock\" > /dev/null\nif [ $? != 0 ] ; then\n    # print error to STDERR\n    echo \"error: The sandbox is not in sync with the Podfile.lock. Run 'pod install' or update your CocoaPods installation.\" >&2\n    exit 1\nfi\n# This output is used by Xcode 'outputs' to avoid re-running this script phase.\necho \"SUCCESS\" > \"${SCRIPT_OUTPUT_FILE_0}\"\n";
			showEnvVarsInLog = 0;
		};
/* End PBXShellScriptBuildPhase section */

/* Begin PBXSourcesBuildPhase section */
		199B6D2B223A45650066D30E /* Sources */ = {
			isa = PBXSourcesBuildPhase;
			buildActionMask = 2147483647;
			files = (
				199B6D37223A45650066D30E /* ViewController.swift in Sources */,
				199B6D33223A45650066D30E /* AppDelegate.swift in Sources */,
			);
			runOnlyForDeploymentPostprocessing = 0;
		};
/* End PBXSourcesBuildPhase section */

/* Begin PBXVariantGroup section */
		199B6D38223A45650066D30E /* Main.storyboard */ = {
			isa = PBXVariantGroup;
			children = (
				199B6D39223A45650066D30E /* Base */,
			);
			name = Main.storyboard;
			sourceTree = "<group>";
		};
		199B6D3D223A45670066D30E /* LaunchScreen.storyboard */ = {
			isa = PBXVariantGroup;
			children = (
				199B6D3E223A45670066D30E /* Base */,
			);
			name = LaunchScreen.storyboard;
			sourceTree = "<group>";
		};
/* End PBXVariantGroup section */

/* Begin XCBuildConfiguration section */
		199B6D41223A45670066D30E /* Debug */ = {
			isa = XCBuildConfiguration;
			buildSettings = {
				ALWAYS_SEARCH_USER_PATHS = NO;
				CLANG_ANALYZER_NONNULL = YES;
				CLANG_ANALYZER_NUMBER_OBJECT_CONVERSION = YES_AGGRESSIVE;
				CLANG_CXX_LANGUAGE_STANDARD = "gnu++14";
				CLANG_CXX_LIBRARY = "libc++";
				CLANG_ENABLE_MODULES = YES;
				CLANG_ENABLE_OBJC_ARC = YES;
				CLANG_ENABLE_OBJC_WEAK = YES;
				CLANG_WARN_BLOCK_CAPTURE_AUTORELEASING = YES;
				CLANG_WARN_BOOL_CONVERSION = YES;
				CLANG_WARN_COMMA = YES;
				CLANG_WARN_CONSTANT_CONVERSION = YES;
				CLANG_WARN_DEPRECATED_OBJC_IMPLEMENTATIONS = YES;
				CLANG_WARN_DIRECT_OBJC_ISA_USAGE = YES_ERROR;
				CLANG_WARN_DOCUMENTATION_COMMENTS = YES;
				CLANG_WARN_EMPTY_BODY = YES;
				CLANG_WARN_ENUM_CONVERSION = YES;
				CLANG_WARN_INFINITE_RECURSION = YES;
				CLANG_WARN_INT_CONVERSION = YES;
				CLANG_WARN_NON_LITERAL_NULL_CONVERSION = YES;
				CLANG_WARN_OBJC_IMPLICIT_RETAIN_SELF = YES;
				CLANG_WARN_OBJC_LITERAL_CONVERSION = YES;
				CLANG_WARN_OBJC_ROOT_CLASS = YES_ERROR;
				CLANG_WARN_RANGE_LOOP_ANALYSIS = YES;
				CLANG_WARN_STRICT_PROTOTYPES = YES;
				CLANG_WARN_SUSPICIOUS_MOVE = YES;
				CLANG_WARN_UNGUARDED_AVAILABILITY = YES_AGGRESSIVE;
				CLANG_WARN_UNREACHABLE_CODE = YES;
				CLANG_WARN__DUPLICATE_METHOD_MATCH = YES;
				CODE_SIGN_IDENTITY = "iPhone Developer";
				COPY_PHASE_STRIP = NO;
				DEBUG_INFORMATION_FORMAT = dwarf;
				ENABLE_STRICT_OBJC_MSGSEND = YES;
				ENABLE_TESTABILITY = YES;
				GCC_C_LANGUAGE_STANDARD = gnu11;
				GCC_DYNAMIC_NO_PIC = NO;
				GCC_NO_COMMON_BLOCKS = YES;
				GCC_OPTIMIZATION_LEVEL = 0;
				GCC_PREPROCESSOR_DEFINITIONS = (
					"DEBUG=1",
					"$(inherited)",
				);
				GCC_WARN_64_TO_32_BIT_CONVERSION = YES;
				GCC_WARN_ABOUT_RETURN_TYPE = YES_ERROR;
				GCC_WARN_UNDECLARED_SELECTOR = YES;
				GCC_WARN_UNINITIALIZED_AUTOS = YES_AGGRESSIVE;
				GCC_WARN_UNUSED_FUNCTION = YES;
				GCC_WARN_UNUSED_VARIABLE = YES;
				IPHONEOS_DEPLOYMENT_TARGET = 12.1;
				MTL_ENABLE_DEBUG_INFO = INCLUDE_SOURCE;
				MTL_FAST_MATH = YES;
				ONLY_ACTIVE_ARCH = YES;
				SDKROOT = iphoneos;
				SWIFT_ACTIVE_COMPILATION_CONDITIONS = DEBUG;
				SWIFT_OPTIMIZATION_LEVEL = "-Onone";
			};
			name = Debug;
		};
		199B6D42223A45670066D30E /* Release */ = {
			isa = XCBuildConfiguration;
			buildSettings = {
				ALWAYS_SEARCH_USER_PATHS = NO;
				CLANG_ANALYZER_NONNULL = YES;
				CLANG_ANALYZER_NUMBER_OBJECT_CONVERSION = YES_AGGRESSIVE;
				CLANG_CXX_LANGUAGE_STANDARD = "gnu++14";
				CLANG_CXX_LIBRARY = "libc++";
				CLANG_ENABLE_MODULES = YES;
				CLANG_ENABLE_OBJC_ARC = YES;
				CLANG_ENABLE_OBJC_WEAK = YES;
				CLANG_WARN_BLOCK_CAPTURE_AUTORELEASING = YES;
				CLANG_WARN_BOOL_CONVERSION = YES;
				CLANG_WARN_COMMA = YES;
				CLANG_WARN_CONSTANT_CONVERSION = YES;
				CLANG_WARN_DEPRECATED_OBJC_IMPLEMENTATIONS = YES;
				CLANG_WARN_DIRECT_OBJC_ISA_USAGE = YES_ERROR;
				CLANG_WARN_DOCUMENTATION_COMMENTS = YES;
				CLANG_WARN_EMPTY_BODY = YES;
				CLANG_WARN_ENUM_CONVERSION = YES;
				CLANG_WARN_INFINITE_RECURSION = YES;
				CLANG_WARN_INT_CONVERSION = YES;
				CLANG_WARN_NON_LITERAL_NULL_CONVERSION = YES;
				CLANG_WARN_OBJC_IMPLICIT_RETAIN_SELF = YES;
				CLANG_WARN_OBJC_LITERAL_CONVERSION = YES;
				CLANG_WARN_OBJC_ROOT_CLASS = YES_ERROR;
				CLANG_WARN_RANGE_LOOP_ANALYSIS = YES;
				CLANG_WARN_STRICT_PROTOTYPES = YES;
				CLANG_WARN_SUSPICIOUS_MOVE = YES;
				CLANG_WARN_UNGUARDED_AVAILABILITY = YES_AGGRESSIVE;
				CLANG_WARN_UNREACHABLE_CODE = YES;
				CLANG_WARN__DUPLICATE_METHOD_MATCH = YES;
				CODE_SIGN_IDENTITY = "iPhone Developer";
				COPY_PHASE_STRIP = NO;
				DEBUG_INFORMATION_FORMAT = "dwarf-with-dsym";
				ENABLE_NS_ASSERTIONS = NO;
				ENABLE_STRICT_OBJC_MSGSEND = YES;
				GCC_C_LANGUAGE_STANDARD = gnu11;
				GCC_NO_COMMON_BLOCKS = YES;
				GCC_WARN_64_TO_32_BIT_CONVERSION = YES;
				GCC_WARN_ABOUT_RETURN_TYPE = YES_ERROR;
				GCC_WARN_UNDECLARED_SELECTOR = YES;
				GCC_WARN_UNINITIALIZED_AUTOS = YES_AGGRESSIVE;
				GCC_WARN_UNUSED_FUNCTION = YES;
				GCC_WARN_UNUSED_VARIABLE = YES;
				IPHONEOS_DEPLOYMENT_TARGET = 12.1;
				MTL_ENABLE_DEBUG_INFO = NO;
				MTL_FAST_MATH = YES;
				SDKROOT = iphoneos;
				SWIFT_COMPILATION_MODE = wholemodule;
				SWIFT_OPTIMIZATION_LEVEL = "-O";
				VALIDATE_PRODUCT = YES;
			};
			name = Release;
		};
		199B6D44223A45670066D30E /* Debug */ = {
			isa = XCBuildConfiguration;
			baseConfigurationReference = 034CEB471D3790034EBFCE73 /* Pods-My3dGame.debug.xcconfig */;
			buildSettings = {
				ASSETCATALOG_COMPILER_APPICON_NAME = AppIcon;
				CODE_SIGN_STYLE = Automatic;
				DEVELOPMENT_TEAM = 3C452QTX5Z;
				INFOPLIST_FILE = My3dGame/Info.plist;
				LD_RUNPATH_SEARCH_PATHS = (
					"$(inherited)",
					"@executable_path/Frameworks",
				);
				PRODUCT_BUNDLE_IDENTIFIER = com.appdevcon..My3dGame;
				PRODUCT_NAME = "$(TARGET_NAME)";
				SWIFT_VERSION = 4.2;
				TARGETED_DEVICE_FAMILY = "1,2";
			};
			name = Debug;
		};
		199B6D45223A45670066D30E /* Release */ = {
			isa = XCBuildConfiguration;
			baseConfigurationReference = 5F33DC6714D4CDEBD9B17ED8 /* Pods-My3dGame.release.xcconfig */;
			buildSettings = {
				ASSETCATALOG_COMPILER_APPICON_NAME = AppIcon;
				CODE_SIGN_STYLE = Automatic;
				DEVELOPMENT_TEAM = 3C452QTX5Z;
				INFOPLIST_FILE = My3dGame/Info.plist;
				LD_RUNPATH_SEARCH_PATHS = (
					"$(inherited)",
					"@executable_path/Frameworks",
				);
				PRODUCT_BUNDLE_IDENTIFIER = com.appdevcon..My3dGame;
				PRODUCT_NAME = "$(TARGET_NAME)";
				SWIFT_VERSION = 4.2;
				TARGETED_DEVICE_FAMILY = "1,2";
			};
			name = Release;
		};
/* End XCBuildConfiguration section */

/* Begin XCConfigurationList section */
		199B6D2A223A45650066D30E /* Build configuration list for PBXProject "My3dGame" */ = {
			isa = XCConfigurationList;
			buildConfigurations = (
				199B6D41223A45670066D30E /* Debug */,
				199B6D42223A45670066D30E /* Release */,
			);
			defaultConfigurationIsVisible = 0;
			defaultConfigurationName = Release;
		};
		199B6D43223A45670066D30E /* Build configuration list for PBXNativeTarget "My3dGame" */ = {
			isa = XCConfigurationList;
			buildConfigurations = (
				199B6D44223A45670066D30E /* Debug */,
				199B6D45223A45670066D30E /* Release */,
			);
			defaultConfigurationIsVisible = 0;
			defaultConfigurationName = Release;
		};
/* End XCConfigurationList section */
	};
	rootObject = 199B6D27223A45650066D30E /* Project object */;
}
